// !$*UTF8*$!
{
	archiveVersion = 1;
	classes = {
	};
	objectVersion = 46;
	objects = {

/* Begin PBXBuildFile section */
		9F07787F1BD1CD5700476E4C /* keyPhrasesIndex in Resources */ = {isa = PBXBuildFile; fileRef = 9F07787E1BD1CD5700476E4C /* keyPhrasesIndex */; };
		9F161E9A1BED216F0011F16A /* AudioController.swift in Sources */ = {isa = PBXBuildFile; fileRef = 9F161E991BED216F0011F16A /* AudioController.swift */; };
		9F161E9C1BED256C0011F16A /* CategoryController.swift in Sources */ = {isa = PBXBuildFile; fileRef = 9F161E9B1BED256C0011F16A /* CategoryController.swift */; };
		9F22B00D1BFBCBCF0041E588 /* JW-White-Background-Blue.png in Resources */ = {isa = PBXBuildFile; fileRef = 9F22B00C1BFBCBCF0041E588 /* JW-White-Background-Blue.png */; };
		9F27BB051BA9341500C6DAFF /* StreamingViewController.swift in Sources */ = {isa = PBXBuildFile; fileRef = 9F27BB041BA9341500C6DAFF /* StreamingViewController.swift */; };
		9F38D1B91BB23C980081073A /* RootController.swift in Sources */ = {isa = PBXBuildFile; fileRef = 9F38D1B81BB23C980081073A /* RootController.swift */; };
		9F38D1BB1BB2566B0081073A /* LanguageSelector.swift in Sources */ = {isa = PBXBuildFile; fileRef = 9F38D1BA1BB2566B0081073A /* LanguageSelector.swift */; };
		9F3E37021BF32438009C7847 /* marqueeLabel-old.swift in Sources */ = {isa = PBXBuildFile; fileRef = 9F3E37011BF32438009C7847 /* marqueeLabel-old.swift */; };
		9F3F7F5A1BF6D7FA0010A789 /* SlideShow.swift in Sources */ = {isa = PBXBuildFile; fileRef = 9F3F7F591BF6D7FA0010A789 /* SlideShow.swift */; };
		9F3F7F5E1BF6D9FD0010A789 /* SuperCollectionView.swift in Sources */ = {isa = PBXBuildFile; fileRef = 9F3F7F5D1BF6D9FD0010A789 /* SuperCollectionView.swift */; };
		9F5CE48D1BB644C700378D4C /* CollectionViewHorizontalFlowLayout.swift in Sources */ = {isa = PBXBuildFile; fileRef = 9F5CE48C1BB644C700378D4C /* CollectionViewHorizontalFlowLayout.swift */; };
		9F72EF451BF738D000680302 /* ChannelSelector.swift in Sources */ = {isa = PBXBuildFile; fileRef = 9F72EF441BF738D000680302 /* ChannelSelector.swift */; };
		9F7872D21BF952DD00EE409B /* ResourceHandling.swift in Sources */ = {isa = PBXBuildFile; fileRef = 9F7872D11BF952DD00EE409B /* ResourceHandling.swift */; };
		9F7872E11BFA782D00EE409B /* LaunchScreenEarth.png in Resources */ = {isa = PBXBuildFile; fileRef = 9F7872E01BFA782D00EE409B /* LaunchScreenEarth.png */; };
		9F79A18A1BA6A3AC00B5E925 /* AppDelegate.swift in Sources */ = {isa = PBXBuildFile; fileRef = 9F79A1891BA6A3AC00B5E925 /* AppDelegate.swift */; };
		9F79A18C1BA6A3AC00B5E925 /* HomeController.swift in Sources */ = {isa = PBXBuildFile; fileRef = 9F79A18B1BA6A3AC00B5E925 /* HomeController.swift */; };
		9F79A18F1BA6A3AC00B5E925 /* Main.storyboard in Resources */ = {isa = PBXBuildFile; fileRef = 9F79A18D1BA6A3AC00B5E925 /* Main.storyboard */; };
		9F79A1911BA6A3AC00B5E925 /* Assets.xcassets in Resources */ = {isa = PBXBuildFile; fileRef = 9F79A1901BA6A3AC00B5E925 /* Assets.xcassets */; };
		9F79A19C1BA6A3AD00B5E925 /* JW_BroadcastingTests.swift in Sources */ = {isa = PBXBuildFile; fileRef = 9F79A19B1BA6A3AD00B5E925 /* JW_BroadcastingTests.swift */; };
		9F79A1D21BA9136900B5E925 /* MediaPlayer.framework in Frameworks */ = {isa = PBXBuildFile; fileRef = 9F79A1D11BA9136900B5E925 /* MediaPlayer.framework */; };
		9F79A1D41BA91DA900B5E925 /* CoreMedia.framework in Frameworks */ = {isa = PBXBuildFile; fileRef = 9F79A1D31BA91DA900B5E925 /* CoreMedia.framework */; };
		9F79A1D61BA91DAE00B5E925 /* MediaToolbox.framework in Frameworks */ = {isa = PBXBuildFile; fileRef = 9F79A1D51BA91DAE00B5E925 /* MediaToolbox.framework */; };
		9FC0441C1BF66E4100AB0B4F /* QuartzCore.framework in Frameworks */ = {isa = PBXBuildFile; fileRef = 9FC0441B1BF66E4100AB0B4F /* QuartzCore.framework */; };
		9FD474651BFDA1CF008C55C6 /* CollectionViewAlignmentFlowLayout.swift in Sources */ = {isa = PBXBuildFile; fileRef = 9FD474641BFDA1CF008C55C6 /* CollectionViewAlignmentFlowLayout.swift */; };
		9FFB9DB21BB528820059E5EA /* VideoOnDemandController.swift in Sources */ = {isa = PBXBuildFile; fileRef = 9FFB9DB11BB528820059E5EA /* VideoOnDemandController.swift */; };
		9FFCDCB91BF7329C00307DA8 /* LatestVideos.swift in Sources */ = {isa = PBXBuildFile; fileRef = 9FFCDCB81BF7329C00307DA8 /* LatestVideos.swift */; };
		9FFD0D581BB516AA0092CF71 /* jwtv.ttf in Resources */ = {isa = PBXBuildFile; fileRef = 9F38D1BC1BB26B1F0081073A /* jwtv.ttf */; };
/* End PBXBuildFile section */

/* Begin PBXContainerItemProxy section */
		9F79A1981BA6A3AD00B5E925 /* PBXContainerItemProxy */ = {
			isa = PBXContainerItemProxy;
			containerPortal = 9F79A17E1BA6A3AC00B5E925 /* Project object */;
			proxyType = 1;
			remoteGlobalIDString = 9F79A1851BA6A3AC00B5E925;
			remoteInfo = "JW Broadcasting";
		};
/* End PBXContainerItemProxy section */

/* Begin PBXFileReference section */
		9F07787C1BD1A99A00476E4C /* ideas */ = {isa = PBXFileReference; fileEncoding = 4; lastKnownFileType = text; path = ideas; sourceTree = "<group>"; };
		9F07787E1BD1CD5700476E4C /* keyPhrasesIndex */ = {isa = PBXFileReference; fileEncoding = 4; lastKnownFileType = text; path = keyPhrasesIndex; sourceTree = "<group>"; };
		9F161E991BED216F0011F16A /* AudioController.swift */ = {isa = PBXFileReference; fileEncoding = 4; lastKnownFileType = sourcecode.swift; path = AudioController.swift; sourceTree = "<group>"; };
		9F161E9B1BED256C0011F16A /* CategoryController.swift */ = {isa = PBXFileReference; fileEncoding = 4; lastKnownFileType = sourcecode.swift; path = CategoryController.swift; sourceTree = "<group>"; };
		9F22B00C1BFBCBCF0041E588 /* JW-White-Background-Blue.png */ = {isa = PBXFileReference; lastKnownFileType = image.png; path = "JW-White-Background-Blue.png"; sourceTree = "<group>"; };
		9F27BB041BA9341500C6DAFF /* StreamingViewController.swift */ = {isa = PBXFileReference; fileEncoding = 4; lastKnownFileType = sourcecode.swift; path = StreamingViewController.swift; sourceTree = "<group>"; };
		9F38D1B81BB23C980081073A /* RootController.swift */ = {isa = PBXFileReference; fileEncoding = 4; lastKnownFileType = sourcecode.swift; path = RootController.swift; sourceTree = "<group>"; };
		9F38D1BA1BB2566B0081073A /* LanguageSelector.swift */ = {isa = PBXFileReference; fileEncoding = 4; lastKnownFileType = sourcecode.swift; path = LanguageSelector.swift; sourceTree = "<group>"; };
		9F38D1BC1BB26B1F0081073A /* jwtv.ttf */ = {isa = PBXFileReference; lastKnownFileType = file; path = jwtv.ttf; sourceTree = "<group>"; };
		9F3E37011BF32438009C7847 /* marqueeLabel-old.swift */ = {isa = PBXFileReference; fileEncoding = 4; lastKnownFileType = sourcecode.swift; path = "marqueeLabel-old.swift"; sourceTree = "<group>"; };
		9F3F7F591BF6D7FA0010A789 /* SlideShow.swift */ = {isa = PBXFileReference; fileEncoding = 4; lastKnownFileType = sourcecode.swift; path = SlideShow.swift; sourceTree = "<group>"; };
		9F3F7F5B1BF6D9AB0010A789 /* saved code */ = {isa = PBXFileReference; fileEncoding = 4; lastKnownFileType = text; path = "saved code"; sourceTree = "<group>"; };
		9F3F7F5D1BF6D9FD0010A789 /* SuperCollectionView.swift */ = {isa = PBXFileReference; fileEncoding = 4; lastKnownFileType = sourcecode.swift; path = SuperCollectionView.swift; sourceTree = "<group>"; };
		9F5CE48C1BB644C700378D4C /* CollectionViewHorizontalFlowLayout.swift */ = {isa = PBXFileReference; fileEncoding = 4; lastKnownFileType = sourcecode.swift; path = CollectionViewHorizontalFlowLayout.swift; sourceTree = "<group>"; };
		9F72EF441BF738D000680302 /* ChannelSelector.swift */ = {isa = PBXFileReference; fileEncoding = 4; lastKnownFileType = sourcecode.swift; path = ChannelSelector.swift; sourceTree = "<group>"; };
		9F7872D11BF952DD00EE409B /* ResourceHandling.swift */ = {isa = PBXFileReference; fileEncoding = 4; lastKnownFileType = sourcecode.swift; path = ResourceHandling.swift; sourceTree = "<group>"; };
		9F7872D31BF955C800EE409B /* LaunchScreen.png */ = {isa = PBXFileReference; lastKnownFileType = image.png; path = LaunchScreen.png; sourceTree = "<group>"; };
		9F7872D41BF955C800EE409B /* LaunchScreenBlue.png */ = {isa = PBXFileReference; lastKnownFileType = image.png; path = LaunchScreenBlue.png; sourceTree = "<group>"; };
		9F7872D51BF955C800EE409B /* LaunchScreenEarth-Washed.png */ = {isa = PBXFileReference; lastKnownFileType = image.png; path = "LaunchScreenEarth-Washed.png"; sourceTree = "<group>"; };
		9F7872D91BF955E100EE409B /* jwbroadcasting_images */ = {isa = PBXFileReference; lastKnownFileType = folder; path = jwbroadcasting_images; sourceTree = "<group>"; };
		9F7872DE1BFA72EF00EE409B /* LaunchScreenEarth-Dark.png */ = {isa = PBXFileReference; lastKnownFileType = image.png; path = "LaunchScreenEarth-Dark.png"; sourceTree = "<group>"; };
		9F7872E01BFA782D00EE409B /* LaunchScreenEarth.png */ = {isa = PBXFileReference; lastKnownFileType = image.png; path = LaunchScreenEarth.png; sourceTree = "<group>"; };
		9F79A1861BA6A3AC00B5E925 /* JW Broadcasting.app */ = {isa = PBXFileReference; explicitFileType = wrapper.application; includeInIndex = 0; path = "JW Broadcasting.app"; sourceTree = BUILT_PRODUCTS_DIR; };
		9F79A1891BA6A3AC00B5E925 /* AppDelegate.swift */ = {isa = PBXFileReference; lastKnownFileType = sourcecode.swift; path = AppDelegate.swift; sourceTree = "<group>"; };
		9F79A18B1BA6A3AC00B5E925 /* HomeController.swift */ = {isa = PBXFileReference; lastKnownFileType = sourcecode.swift; path = HomeController.swift; sourceTree = "<group>"; };
		9F79A18E1BA6A3AC00B5E925 /* Base */ = {isa = PBXFileReference; lastKnownFileType = file.storyboard; name = Base; path = Base.lproj/Main.storyboard; sourceTree = "<group>"; };
		9F79A1901BA6A3AC00B5E925 /* Assets.xcassets */ = {isa = PBXFileReference; lastKnownFileType = folder.assetcatalog; path = Assets.xcassets; sourceTree = "<group>"; };
		9F79A1921BA6A3AC00B5E925 /* Info.plist */ = {isa = PBXFileReference; lastKnownFileType = text.plist.xml; path = Info.plist; sourceTree = "<group>"; };
		9F79A1971BA6A3AD00B5E925 /* JW BroadcastingTests.xctest */ = {isa = PBXFileReference; explicitFileType = wrapper.cfbundle; includeInIndex = 0; path = "JW BroadcastingTests.xctest"; sourceTree = BUILT_PRODUCTS_DIR; };
		9F79A19B1BA6A3AD00B5E925 /* JW_BroadcastingTests.swift */ = {isa = PBXFileReference; lastKnownFileType = sourcecode.swift; path = JW_BroadcastingTests.swift; sourceTree = "<group>"; };
		9F79A19D1BA6A3AD00B5E925 /* Info.plist */ = {isa = PBXFileReference; lastKnownFileType = text.plist.xml; path = Info.plist; sourceTree = "<group>"; };
		9F79A1D11BA9136900B5E925 /* MediaPlayer.framework */ = {isa = PBXFileReference; lastKnownFileType = wrapper.framework; name = MediaPlayer.framework; path = System/Library/Frameworks/MediaPlayer.framework; sourceTree = SDKROOT; };
		9F79A1D31BA91DA900B5E925 /* CoreMedia.framework */ = {isa = PBXFileReference; lastKnownFileType = wrapper.framework; name = CoreMedia.framework; path = System/Library/Frameworks/CoreMedia.framework; sourceTree = SDKROOT; };
		9F79A1D51BA91DAE00B5E925 /* MediaToolbox.framework */ = {isa = PBXFileReference; lastKnownFileType = wrapper.framework; name = MediaToolbox.framework; path = System/Library/Frameworks/MediaToolbox.framework; sourceTree = SDKROOT; };
		9FC0441B1BF66E4100AB0B4F /* QuartzCore.framework */ = {isa = PBXFileReference; lastKnownFileType = wrapper.framework; name = QuartzCore.framework; path = System/Library/Frameworks/QuartzCore.framework; sourceTree = SDKROOT; };
		9FD474641BFDA1CF008C55C6 /* CollectionViewAlignmentFlowLayout.swift */ = {isa = PBXFileReference; fileEncoding = 4; lastKnownFileType = sourcecode.swift; path = CollectionViewAlignmentFlowLayout.swift; sourceTree = "<group>"; };
		9FFB9DB11BB528820059E5EA /* VideoOnDemandController.swift */ = {isa = PBXFileReference; fileEncoding = 4; lastKnownFileType = sourcecode.swift; path = VideoOnDemandController.swift; sourceTree = "<group>"; };
		9FFCDCB81BF7329C00307DA8 /* LatestVideos.swift */ = {isa = PBXFileReference; fileEncoding = 4; lastKnownFileType = sourcecode.swift; path = LatestVideos.swift; sourceTree = "<group>"; };
/* End PBXFileReference section */

/* Begin PBXFrameworksBuildPhase section */
		9F79A1831BA6A3AC00B5E925 /* Frameworks */ = {
			isa = PBXFrameworksBuildPhase;
			buildActionMask = 2147483647;
			files = (
				9FC0441C1BF66E4100AB0B4F /* QuartzCore.framework in Frameworks */,
				9F79A1D61BA91DAE00B5E925 /* MediaToolbox.framework in Frameworks */,
				9F79A1D41BA91DA900B5E925 /* CoreMedia.framework in Frameworks */,
				9F79A1D21BA9136900B5E925 /* MediaPlayer.framework in Frameworks */,
			);
			runOnlyForDeploymentPostprocessing = 0;
		};
		9F79A1941BA6A3AD00B5E925 /* Frameworks */ = {
			isa = PBXFrameworksBuildPhase;
			buildActionMask = 2147483647;
			files = (
			);
			runOnlyForDeploymentPostprocessing = 0;
		};
/* End PBXFrameworksBuildPhase section */

/* Begin PBXGroup section */
		9F7872C51BF9501F00EE409B /* Tab Items */ = {
			isa = PBXGroup;
			children = (
				9F161E9B1BED256C0011F16A /* CategoryController.swift */,
				9F7872C71BF9506200EE409B /* Home */,
				9F7872CB1BF950E700EE409B /* Streaming */,
				9F7872C81BF9506B00EE409B /* Video On Demand */,
				9F7872C91BF950CB00EE409B /* Audio */,
				9F7872CA1BF950D800EE409B /* Language */,
			);
			name = "Tab Items";
			sourceTree = "<group>";
		};
		9F7872C61BF9503800EE409B /* Custom Classes */ = {
			isa = PBXGroup;
			children = (
				9F5CE48C1BB644C700378D4C /* CollectionViewHorizontalFlowLayout.swift */,
				9FD474641BFDA1CF008C55C6 /* CollectionViewAlignmentFlowLayout.swift */,
				9F3E37011BF32438009C7847 /* marqueeLabel-old.swift */,
				9F3F7F5D1BF6D9FD0010A789 /* SuperCollectionView.swift */,
			);
			name = "Custom Classes";
			sourceTree = "<group>";
		};
		9F7872C71BF9506200EE409B /* Home */ = {
			isa = PBXGroup;
			children = (
				9F79A18B1BA6A3AC00B5E925 /* HomeController.swift */,
				9F3F7F591BF6D7FA0010A789 /* SlideShow.swift */,
				9F72EF441BF738D000680302 /* ChannelSelector.swift */,
				9FFCDCB81BF7329C00307DA8 /* LatestVideos.swift */,
			);
			name = Home;
			sourceTree = "<group>";
		};
		9F7872C81BF9506B00EE409B /* Video On Demand */ = {
			isa = PBXGroup;
			children = (
				9FFB9DB11BB528820059E5EA /* VideoOnDemandController.swift */,
			);
			name = "Video On Demand";
			sourceTree = "<group>";
		};
		9F7872C91BF950CB00EE409B /* Audio */ = {
			isa = PBXGroup;
			children = (
				9F161E991BED216F0011F16A /* AudioController.swift */,
			);
			name = Audio;
			sourceTree = "<group>";
		};
		9F7872CA1BF950D800EE409B /* Language */ = {
			isa = PBXGroup;
			children = (
				9F38D1BA1BB2566B0081073A /* LanguageSelector.swift */,
			);
			name = Language;
			sourceTree = "<group>";
		};
		9F7872CB1BF950E700EE409B /* Streaming */ = {
			isa = PBXGroup;
			children = (
				9F27BB041BA9341500C6DAFF /* StreamingViewController.swift */,
			);
			name = Streaming;
			sourceTree = "<group>";
		};
		9F7872CC1BF9513E00EE409B /* Resources */ = {
			isa = PBXGroup;
			children = (
				9F7872D01BF9517400EE409B /* Interface */,
				9F7872CE1BF9515800EE409B /* Graphics */,
				9F7872CD1BF9514E00EE409B /* Fonts */,
			);
			name = Resources;
			sourceTree = "<group>";
		};
		9F7872CD1BF9514E00EE409B /* Fonts */ = {
			isa = PBXGroup;
			children = (
				9F38D1BC1BB26B1F0081073A /* jwtv.ttf */,
			);
			name = Fonts;
			sourceTree = "<group>";
		};
		9F7872CE1BF9515800EE409B /* Graphics */ = {
			isa = PBXGroup;
			children = (
				9F7872D31BF955C800EE409B /* LaunchScreen.png */,
				9F7872D41BF955C800EE409B /* LaunchScreenBlue.png */,
				9F7872D51BF955C800EE409B /* LaunchScreenEarth-Washed.png */,
				9F7872DE1BFA72EF00EE409B /* LaunchScreenEarth-Dark.png */,
				9F7872E01BFA782D00EE409B /* LaunchScreenEarth.png */,
				9F22B00C1BFBCBCF0041E588 /* JW-White-Background-Blue.png */,
				9F7872D91BF955E100EE409B /* jwbroadcasting_images */,
				9F79A1901BA6A3AC00B5E925 /* Assets.xcassets */,
			);
			name = Graphics;
			sourceTree = "<group>";
		};
		9F7872CF1BF9516900EE409B /* References */ = {
			isa = PBXGroup;
			children = (
				9F07787E1BD1CD5700476E4C /* keyPhrasesIndex */,
			);
			name = References;
			sourceTree = "<group>";
		};
		9F7872D01BF9517400EE409B /* Interface */ = {
			isa = PBXGroup;
			children = (
				9F79A18D1BA6A3AC00B5E925 /* Main.storyboard */,
			);
			name = Interface;
			sourceTree = "<group>";
		};
		9F7872DB1BF9571B00EE409B /* Tab Bar */ = {
			isa = PBXGroup;
			children = (
				9F38D1B81BB23C980081073A /* RootController.swift */,
			);
			name = "Tab Bar";
			sourceTree = "<group>";
		};
		9F79A17D1BA6A3AC00B5E925 = {
			isa = PBXGroup;
			children = (
				9FC0441B1BF66E4100AB0B4F /* QuartzCore.framework */,
				9F79A1D51BA91DAE00B5E925 /* MediaToolbox.framework */,
				9F79A1D31BA91DA900B5E925 /* CoreMedia.framework */,
				9F79A1D11BA9136900B5E925 /* MediaPlayer.framework */,
				9F79A1881BA6A3AC00B5E925 /* JW Broadcasting */,
				9F79A19A1BA6A3AD00B5E925 /* JW BroadcastingTests */,
				9F79A1871BA6A3AC00B5E925 /* Products */,
			);
			sourceTree = "<group>";
		};
		9F79A1871BA6A3AC00B5E925 /* Products */ = {
			isa = PBXGroup;
			children = (
				9F79A1861BA6A3AC00B5E925 /* JW Broadcasting.app */,
				9F79A1971BA6A3AD00B5E925 /* JW BroadcastingTests.xctest */,
			);
			name = Products;
			sourceTree = "<group>";
		};
		9F79A1881BA6A3AC00B5E925 /* JW Broadcasting */ = {
			isa = PBXGroup;
			children = (
				9F79A1891BA6A3AC00B5E925 /* AppDelegate.swift */,
				9F7872D11BF952DD00EE409B /* ResourceHandling.swift */,
				9F7872C61BF9503800EE409B /* Custom Classes */,
				9F7872DB1BF9571B00EE409B /* Tab Bar */,
				9F7872C51BF9501F00EE409B /* Tab Items */,
				9F7872CC1BF9513E00EE409B /* Resources */,
				9F7872CF1BF9516900EE409B /* References */,
				9F07787C1BD1A99A00476E4C /* ideas */,
				9F3F7F5B1BF6D9AB0010A789 /* saved code */,
				9F79A1921BA6A3AC00B5E925 /* Info.plist */,
			);
			path = "JW Broadcasting";
			sourceTree = "<group>";
		};
		9F79A19A1BA6A3AD00B5E925 /* JW BroadcastingTests */ = {
			isa = PBXGroup;
			children = (
				9F79A19B1BA6A3AD00B5E925 /* JW_BroadcastingTests.swift */,
				9F79A19D1BA6A3AD00B5E925 /* Info.plist */,
			);
			path = "JW BroadcastingTests";
			sourceTree = "<group>";
		};
/* End PBXGroup section */

/* Begin PBXNativeTarget section */
		9F79A1851BA6A3AC00B5E925 /* JW Broadcasting */ = {
			isa = PBXNativeTarget;
			buildConfigurationList = 9F79A1A01BA6A3AD00B5E925 /* Build configuration list for PBXNativeTarget "JW Broadcasting" */;
			buildPhases = (
				9F79A1821BA6A3AC00B5E925 /* Sources */,
				9F79A1831BA6A3AC00B5E925 /* Frameworks */,
				9F79A1841BA6A3AC00B5E925 /* Resources */,
			);
			buildRules = (
			);
			dependencies = (
			);
			name = "JW Broadcasting";
			productName = "JW Broadcasting";
			productReference = 9F79A1861BA6A3AC00B5E925 /* JW Broadcasting.app */;
			productType = "com.apple.product-type.application";
		};
		9F79A1961BA6A3AD00B5E925 /* JW BroadcastingTests */ = {
			isa = PBXNativeTarget;
			buildConfigurationList = 9F79A1A31BA6A3AD00B5E925 /* Build configuration list for PBXNativeTarget "JW BroadcastingTests" */;
			buildPhases = (
				9F79A1931BA6A3AD00B5E925 /* Sources */,
				9F79A1941BA6A3AD00B5E925 /* Frameworks */,
				9F79A1951BA6A3AD00B5E925 /* Resources */,
			);
			buildRules = (
			);
			dependencies = (
				9F79A1991BA6A3AD00B5E925 /* PBXTargetDependency */,
			);
			name = "JW BroadcastingTests";
			productName = "JW BroadcastingTests";
			productReference = 9F79A1971BA6A3AD00B5E925 /* JW BroadcastingTests.xctest */;
			productType = "com.apple.product-type.bundle.unit-test";
		};
/* End PBXNativeTarget section */

/* Begin PBXProject section */
		9F79A17E1BA6A3AC00B5E925 /* Project object */ = {
			isa = PBXProject;
			attributes = {
				LastUpgradeCheck = 0710;
				ORGANIZATIONNAME = xquared;
				TargetAttributes = {
					9F79A1851BA6A3AC00B5E925 = {
						CreatedOnToolsVersion = 7.1;
						DevelopmentTeam = EXV92HA4U9;
					};
					9F79A1961BA6A3AD00B5E925 = {
						CreatedOnToolsVersion = 7.1;
						TestTargetID = 9F79A1851BA6A3AC00B5E925;
					};
				};
			};
			buildConfigurationList = 9F79A1811BA6A3AC00B5E925 /* Build configuration list for PBXProject "JW Broadcasting" */;
			compatibilityVersion = "Xcode 3.2";
			developmentRegion = English;
			hasScannedForEncodings = 0;
			knownRegions = (
				en,
				Base,
			);
			mainGroup = 9F79A17D1BA6A3AC00B5E925;
			productRefGroup = 9F79A1871BA6A3AC00B5E925 /* Products */;
			projectDirPath = "";
			projectRoot = "";
			targets = (
				9F79A1851BA6A3AC00B5E925 /* JW Broadcasting */,
				9F79A1961BA6A3AD00B5E925 /* JW BroadcastingTests */,
			);
		};
/* End PBXProject section */

/* Begin PBXResourcesBuildPhase section */
		9F79A1841BA6A3AC00B5E925 /* Resources */ = {
			isa = PBXResourcesBuildPhase;
			buildActionMask = 2147483647;
			files = (
				9F22B00D1BFBCBCF0041E588 /* JW-White-Background-Blue.png in Resources */,
				9F79A1911BA6A3AC00B5E925 /* Assets.xcassets in Resources */,
				9F07787F1BD1CD5700476E4C /* keyPhrasesIndex in Resources */,
				9F79A18F1BA6A3AC00B5E925 /* Main.storyboard in Resources */,
				9FFD0D581BB516AA0092CF71 /* jwtv.ttf in Resources */,
				9F7872E11BFA782D00EE409B /* LaunchScreenEarth.png in Resources */,
			);
			runOnlyForDeploymentPostprocessing = 0;
		};
		9F79A1951BA6A3AD00B5E925 /* Resources */ = {
			isa = PBXResourcesBuildPhase;
			buildActionMask = 2147483647;
			files = (
			);
			runOnlyForDeploymentPostprocessing = 0;
		};
/* End PBXResourcesBuildPhase section */

/* Begin PBXSourcesBuildPhase section */
		9F79A1821BA6A3AC00B5E925 /* Sources */ = {
			isa = PBXSourcesBuildPhase;
			buildActionMask = 2147483647;
			files = (
				9FFB9DB21BB528820059E5EA /* VideoOnDemandController.swift in Sources */,
				9F38D1BB1BB2566B0081073A /* LanguageSelector.swift in Sources */,
				9F3F7F5E1BF6D9FD0010A789 /* SuperCollectionView.swift in Sources */,
				9F79A18C1BA6A3AC00B5E925 /* HomeController.swift in Sources */,
				9F79A18A1BA6A3AC00B5E925 /* AppDelegate.swift in Sources */,
				9F5CE48D1BB644C700378D4C /* CollectionViewHorizontalFlowLayout.swift in Sources */,
				9F27BB051BA9341500C6DAFF /* StreamingViewController.swift in Sources */,
				9F3F7F5A1BF6D7FA0010A789 /* SlideShow.swift in Sources */,
				9F161E9A1BED216F0011F16A /* AudioController.swift in Sources */,
				9F7872D21BF952DD00EE409B /* ResourceHandling.swift in Sources */,
				9F72EF451BF738D000680302 /* ChannelSelector.swift in Sources */,
				9F38D1B91BB23C980081073A /* RootController.swift in Sources */,
				9F3E37021BF32438009C7847 /* marqueeLabel-old.swift in Sources */,
				9F161E9C1BED256C0011F16A /* CategoryController.swift in Sources */,
				9FD474651BFDA1CF008C55C6 /* CollectionViewAlignmentFlowLayout.swift in Sources */,
				9FFCDCB91BF7329C00307DA8 /* LatestVideos.swift in Sources */,
			);
			runOnlyForDeploymentPostprocessing = 0;
		};
		9F79A1931BA6A3AD00B5E925 /* Sources */ = {
			isa = PBXSourcesBuildPhase;
			buildActionMask = 2147483647;
			files = (
				9F79A19C1BA6A3AD00B5E925 /* JW_BroadcastingTests.swift in Sources */,
			);
			runOnlyForDeploymentPostprocessing = 0;
		};
/* End PBXSourcesBuildPhase section */

/* Begin PBXTargetDependency section */
		9F79A1991BA6A3AD00B5E925 /* PBXTargetDependency */ = {
			isa = PBXTargetDependency;
			target = 9F79A1851BA6A3AC00B5E925 /* JW Broadcasting */;
			targetProxy = 9F79A1981BA6A3AD00B5E925 /* PBXContainerItemProxy */;
		};
/* End PBXTargetDependency section */

/* Begin PBXVariantGroup section */
		9F79A18D1BA6A3AC00B5E925 /* Main.storyboard */ = {
			isa = PBXVariantGroup;
			children = (
				9F79A18E1BA6A3AC00B5E925 /* Base */,
			);
			name = Main.storyboard;
			sourceTree = "<group>";
		};
/* End PBXVariantGroup section */

/* Begin XCBuildConfiguration section */
		9F79A19E1BA6A3AD00B5E925 /* Debug */ = {
			isa = XCBuildConfiguration;
			buildSettings = {
				ALWAYS_SEARCH_USER_PATHS = NO;
				CLANG_CXX_LANGUAGE_STANDARD = "gnu++0x";
				CLANG_CXX_LIBRARY = "libc++";
				CLANG_ENABLE_MODULES = YES;
				CLANG_ENABLE_OBJC_ARC = YES;
				CLANG_WARN_BOOL_CONVERSION = YES;
				CLANG_WARN_CONSTANT_CONVERSION = YES;
				CLANG_WARN_DIRECT_OBJC_ISA_USAGE = YES_ERROR;
				CLANG_WARN_EMPTY_BODY = YES;
				CLANG_WARN_ENUM_CONVERSION = YES;
				CLANG_WARN_INT_CONVERSION = YES;
				CLANG_WARN_OBJC_ROOT_CLASS = YES_ERROR;
				CLANG_WARN_UNREACHABLE_CODE = YES;
				CLANG_WARN__DUPLICATE_METHOD_MATCH = YES;
				COPY_PHASE_STRIP = NO;
				DEBUG_INFORMATION_FORMAT = dwarf;
				ENABLE_STRICT_OBJC_MSGSEND = YES;
				ENABLE_TESTABILITY = YES;
				GCC_C_LANGUAGE_STANDARD = gnu99;
				GCC_DYNAMIC_NO_PIC = NO;
				GCC_NO_COMMON_BLOCKS = YES;
				GCC_OPTIMIZATION_LEVEL = 0;
				GCC_PREPROCESSOR_DEFINITIONS = (
					"DEBUG=1",
					"$(inherited)",
				);
				GCC_WARN_64_TO_32_BIT_CONVERSION = YES;
				GCC_WARN_ABOUT_RETURN_TYPE = YES_ERROR;
				GCC_WARN_UNDECLARED_SELECTOR = YES;
				GCC_WARN_UNINITIALIZED_AUTOS = YES_AGGRESSIVE;
				GCC_WARN_UNUSED_FUNCTION = YES;
				GCC_WARN_UNUSED_VARIABLE = YES;
				MTL_ENABLE_DEBUG_INFO = YES;
				ONLY_ACTIVE_ARCH = YES;
				SDKROOT = appletvos;
				SWIFT_OPTIMIZATION_LEVEL = "-Onone";
				TARGETED_DEVICE_FAMILY = 3;
				TVOS_DEPLOYMENT_TARGET = 9.0;
			};
			name = Debug;
		};
		9F79A19F1BA6A3AD00B5E925 /* Release */ = {
			isa = XCBuildConfiguration;
			buildSettings = {
				ALWAYS_SEARCH_USER_PATHS = NO;
				CLANG_CXX_LANGUAGE_STANDARD = "gnu++0x";
				CLANG_CXX_LIBRARY = "libc++";
				CLANG_ENABLE_MODULES = YES;
				CLANG_ENABLE_OBJC_ARC = YES;
				CLANG_WARN_BOOL_CONVERSION = YES;
				CLANG_WARN_CONSTANT_CONVERSION = YES;
				CLANG_WARN_DIRECT_OBJC_ISA_USAGE = YES_ERROR;
				CLANG_WARN_EMPTY_BODY = YES;
				CLANG_WARN_ENUM_CONVERSION = YES;
				CLANG_WARN_INT_CONVERSION = YES;
				CLANG_WARN_OBJC_ROOT_CLASS = YES_ERROR;
				CLANG_WARN_UNREACHABLE_CODE = YES;
				CLANG_WARN__DUPLICATE_METHOD_MATCH = YES;
				COPY_PHASE_STRIP = NO;
				DEBUG_INFORMATION_FORMAT = "dwarf-with-dsym";
				ENABLE_NS_ASSERTIONS = NO;
				ENABLE_STRICT_OBJC_MSGSEND = YES;
				GCC_C_LANGUAGE_STANDARD = gnu99;
				GCC_NO_COMMON_BLOCKS = YES;
				GCC_WARN_64_TO_32_BIT_CONVERSION = YES;
				GCC_WARN_ABOUT_RETURN_TYPE = YES_ERROR;
				GCC_WARN_UNDECLARED_SELECTOR = YES;
				GCC_WARN_UNINITIALIZED_AUTOS = YES_AGGRESSIVE;
				GCC_WARN_UNUSED_FUNCTION = YES;
				GCC_WARN_UNUSED_VARIABLE = YES;
				MTL_ENABLE_DEBUG_INFO = NO;
				SDKROOT = appletvos;
				TARGETED_DEVICE_FAMILY = 3;
				TVOS_DEPLOYMENT_TARGET = 9.0;
				VALIDATE_PRODUCT = YES;
			};
			name = Release;
		};
		9F79A1A11BA6A3AD00B5E925 /* Debug */ = {
			isa = XCBuildConfiguration;
			buildSettings = {
				ASSETCATALOG_COMPILER_APPICON_NAME = "App Icon & Top Shelf Image";
				ASSETCATALOG_COMPILER_LAUNCHIMAGE_NAME = LaunchImage;
				CODE_SIGN_IDENTITY = "iPhone Developer";
				"CODE_SIGN_IDENTITY[sdk=appletvos*]" = "iPhone Developer";
				INFOPLIST_FILE = "JW Broadcasting/Info.plist";
				LD_RUNPATH_SEARCH_PATHS = "$(inherited) @executable_path/Frameworks";
				PRODUCT_BUNDLE_IDENTIFIER = "com.xquared.JW-Broadcasting";
				PRODUCT_NAME = "$(TARGET_NAME)";
				PROVISIONING_PROFILE = "";
			};
			name = Debug;
		};
		9F79A1A21BA6A3AD00B5E925 /* Release */ = {
			isa = XCBuildConfiguration;
			buildSettings = {
				ASSETCATALOG_COMPILER_APPICON_NAME = "App Icon & Top Shelf Image";
				ASSETCATALOG_COMPILER_LAUNCHIMAGE_NAME = LaunchImage;
				CODE_SIGN_IDENTITY = "iPhone Developer";
				"CODE_SIGN_IDENTITY[sdk=appletvos*]" = "iPhone Developer";
				INFOPLIST_FILE = "JW Broadcasting/Info.plist";
				LD_RUNPATH_SEARCH_PATHS = "$(inherited) @executable_path/Frameworks";
				PRODUCT_BUNDLE_IDENTIFIER = "com.xquared.JW-Broadcasting";
				PRODUCT_NAME = "$(TARGET_NAME)";
				PROVISIONING_PROFILE = "";
			};
			name = Release;
		};
		9F79A1A41BA6A3AD00B5E925 /* Debug */ = {
			isa = XCBuildConfiguration;
			buildSettings = {
				BUNDLE_LOADER = "$(TEST_HOST)";
				INFOPLIST_FILE = "JW BroadcastingTests/Info.plist";
				LD_RUNPATH_SEARCH_PATHS = "$(inherited) @executable_path/Frameworks @loader_path/Frameworks";
				PRODUCT_BUNDLE_IDENTIFIER = "com.xquared.JW-BroadcastingTests";
				PRODUCT_NAME = "$(TARGET_NAME)";
				TEST_HOST = "$(BUILT_PRODUCTS_DIR)/JW Broadcasting.app/JW Broadcasting";
			};
			name = Debug;
		};
		9F79A1A51BA6A3AD00B5E925 /* Release */ = {
			isa = XCBuildConfiguration;
			buildSettings = {
				BUNDLE_LOADER = "$(TEST_HOST)";
				INFOPLIST_FILE = "JW BroadcastingTests/Info.plist";
				LD_RUNPATH_SEARCH_PATHS = "$(inherited) @executable_path/Frameworks @loader_path/Frameworks";
				PRODUCT_BUNDLE_IDENTIFIER = "com.xquared.JW-BroadcastingTests";
				PRODUCT_NAME = "$(TARGET_NAME)";
				TEST_HOST = "$(BUILT_PRODUCTS_DIR)/JW Broadcasting.app/JW Broadcasting";
			};
			name = Release;
		};
/* End XCBuildConfiguration section */

/* Begin XCConfigurationList section */
		9F79A1811BA6A3AC00B5E925 /* Build configuration list for PBXProject "JW Broadcasting" */ = {
			isa = XCConfigurationList;
			buildConfigurations = (
				9F79A19E1BA6A3AD00B5E925 /* Debug */,
				9F79A19F1BA6A3AD00B5E925 /* Release */,
			);
			defaultConfigurationIsVisible = 0;
			defaultConfigurationName = Release;
		};
		9F79A1A01BA6A3AD00B5E925 /* Build configuration list for PBXNativeTarget "JW Broadcasting" */ = {
			isa = XCConfigurationList;
			buildConfigurations = (
				9F79A1A11BA6A3AD00B5E925 /* Debug */,
				9F79A1A21BA6A3AD00B5E925 /* Release */,
			);
			defaultConfigurationIsVisible = 0;
			defaultConfigurationName = Release;
		};
		9F79A1A31BA6A3AD00B5E925 /* Build configuration list for PBXNativeTarget "JW BroadcastingTests" */ = {
			isa = XCConfigurationList;
			buildConfigurations = (
				9F79A1A41BA6A3AD00B5E925 /* Debug */,
				9F79A1A51BA6A3AD00B5E925 /* Release */,
			);
			defaultConfigurationIsVisible = 0;
			defaultConfigurationName = Release;
		};
/* End XCConfigurationList section */
	};
	rootObject = 9F79A17E1BA6A3AC00B5E925 /* Project object */;
}
